// !$*UTF8*$!
{
	archiveVersion = 1;
	classes = {
	};
	objectVersion = 46;
	objects = {

/* Begin PBXBuildFile section */
		F39B31921AB9147200DBF7C0 /* main.m in Sources */ = {isa = PBXBuildFile; fileRef = F39B31911AB9147200DBF7C0 /* main.m */; };
		F39B31951AB9147200DBF7C0 /* AppDelegate.m in Sources */ = {isa = PBXBuildFile; fileRef = F39B31941AB9147200DBF7C0 /* AppDelegate.m */; };
		F39B31981AB9147200DBF7C0 /* GameScene.m in Sources */ = {isa = PBXBuildFile; fileRef = F39B31971AB9147200DBF7C0 /* GameScene.m */; };
		F39B319A1AB9147200DBF7C0 /* GameScene.sks in Resources */ = {isa = PBXBuildFile; fileRef = F39B31991AB9147200DBF7C0 /* GameScene.sks */; };
		F39B319D1AB9147200DBF7C0 /* GameViewController.m in Sources */ = {isa = PBXBuildFile; fileRef = F39B319C1AB9147200DBF7C0 /* GameViewController.m */; };
		F39B31A01AB9147200DBF7C0 /* Main.storyboard in Resources */ = {isa = PBXBuildFile; fileRef = F39B319E1AB9147200DBF7C0 /* Main.storyboard */; };
		F39B31A21AB9147200DBF7C0 /* Images.xcassets in Resources */ = {isa = PBXBuildFile; fileRef = F39B31A11AB9147200DBF7C0 /* Images.xcassets */; };
		F39B31A51AB9147200DBF7C0 /* LaunchScreen.xib in Resources */ = {isa = PBXBuildFile; fileRef = F39B31A31AB9147200DBF7C0 /* LaunchScreen.xib */; };
		F39B31B11AB9147200DBF7C0 /* RabbitRunTests.m in Sources */ = {isa = PBXBuildFile; fileRef = F39B31B01AB9147200DBF7C0 /* RabbitRunTests.m */; };
/* End PBXBuildFile section */

/* Begin PBXContainerItemProxy section */
		F39B31AB1AB9147200DBF7C0 /* PBXContainerItemProxy */ = {
			isa = PBXContainerItemProxy;
			containerPortal = F39B31841AB9147100DBF7C0 /* Project object */;
			proxyType = 1;
			remoteGlobalIDString = F39B318B1AB9147200DBF7C0;
			remoteInfo = RabbitRun;
		};
/* End PBXContainerItemProxy section */

/* Begin PBXFileReference section */
		F39B318C1AB9147200DBF7C0 /* RabbitRun.app */ = {isa = PBXFileReference; explicitFileType = wrapper.application; includeInIndex = 0; path = RabbitRun.app; sourceTree = BUILT_PRODUCTS_DIR; };
		F39B31901AB9147200DBF7C0 /* Info.plist */ = {isa = PBXFileReference; lastKnownFileType = text.plist.xml; path = Info.plist; sourceTree = "<group>"; };
		F39B31911AB9147200DBF7C0 /* main.m */ = {isa = PBXFileReference; lastKnownFileType = sourcecode.c.objc; path = main.m; sourceTree = "<group>"; };
		F39B31931AB9147200DBF7C0 /* AppDelegate.h */ = {isa = PBXFileReference; lastKnownFileType = sourcecode.c.h; path = AppDelegate.h; sourceTree = "<group>"; };
		F39B31941AB9147200DBF7C0 /* AppDelegate.m */ = {isa = PBXFileReference; lastKnownFileType = sourcecode.c.objc; path = AppDelegate.m; sourceTree = "<group>"; };
		F39B31961AB9147200DBF7C0 /* GameScene.h */ = {isa = PBXFileReference; lastKnownFileType = sourcecode.c.h; path = GameScene.h; sourceTree = "<group>"; };
		F39B31971AB9147200DBF7C0 /* GameScene.m */ = {isa = PBXFileReference; lastKnownFileType = sourcecode.c.objc; path = GameScene.m; sourceTree = "<group>"; };
		F39B31991AB9147200DBF7C0 /* GameScene.sks */ = {isa = PBXFileReference; lastKnownFileType = file.sks; path = GameScene.sks; sourceTree = "<group>"; };
		F39B319B1AB9147200DBF7C0 /* GameViewController.h */ = {isa = PBXFileReference; lastKnownFileType = sourcecode.c.h; path = GameViewController.h; sourceTree = "<group>"; };
		F39B319C1AB9147200DBF7C0 /* GameViewController.m */ = {isa = PBXFileReference; lastKnownFileType = sourcecode.c.objc; path = GameViewController.m; sourceTree = "<group>"; };
		F39B319F1AB9147200DBF7C0 /* Base */ = {isa = PBXFileReference; lastKnownFileType = file.storyboard; name = Base; path = Base.lproj/Main.storyboard; sourceTree = "<group>"; };
		F39B31A11AB9147200DBF7C0 /* Images.xcassets */ = {isa = PBXFileReference; lastKnownFileType = folder.assetcatalog; path = Images.xcassets; sourceTree = "<group>"; };
		F39B31A41AB9147200DBF7C0 /* Base */ = {isa = PBXFileReference; lastKnownFileType = file.xib; name = Base; path = Base.lproj/LaunchScreen.xib; sourceTree = "<group>"; };
		F39B31AA1AB9147200DBF7C0 /* RabbitRunTests.xctest */ = {isa = PBXFileReference; explicitFileType = wrapper.cfbundle; includeInIndex = 0; path = RabbitRunTests.xctest; sourceTree = BUILT_PRODUCTS_DIR; };
		F39B31AF1AB9147200DBF7C0 /* Info.plist */ = {isa = PBXFileReference; lastKnownFileType = text.plist.xml; path = Info.plist; sourceTree = "<group>"; };
		F39B31B01AB9147200DBF7C0 /* RabbitRunTests.m */ = {isa = PBXFileReference; lastKnownFileType = sourcecode.c.objc; path = RabbitRunTests.m; sourceTree = "<group>"; };
/* End PBXFileReference section */

/* Begin PBXFrameworksBuildPhase section */
		F39B31891AB9147200DBF7C0 /* Frameworks */ = {
			isa = PBXFrameworksBuildPhase;
			buildActionMask = 2147483647;
			files = (
			);
			runOnlyForDeploymentPostprocessing = 0;
		};
		F39B31A71AB9147200DBF7C0 /* Frameworks */ = {
			isa = PBXFrameworksBuildPhase;
			buildActionMask = 2147483647;
			files = (
			);
			runOnlyForDeploymentPostprocessing = 0;
		};
/* End PBXFrameworksBuildPhase section */

/* Begin PBXGroup section */
		F39B31831AB9147100DBF7C0 = {
			isa = PBXGroup;
			children = (
				F39B318E1AB9147200DBF7C0 /* RabbitRun */,
				F39B31AD1AB9147200DBF7C0 /* RabbitRunTests */,
				F39B318D1AB9147200DBF7C0 /* Products */,
			);
			sourceTree = "<group>";
		};
		F39B318D1AB9147200DBF7C0 /* Products */ = {
			isa = PBXGroup;
			children = (
				F39B318C1AB9147200DBF7C0 /* RabbitRun.app */,
				F39B31AA1AB9147200DBF7C0 /* RabbitRunTests.xctest */,
			);
			name = Products;
			sourceTree = "<group>";
		};
		F39B318E1AB9147200DBF7C0 /* RabbitRun */ = {
			isa = PBXGroup;
			children = (
				F39B31931AB9147200DBF7C0 /* AppDelegate.h */,
				F39B31941AB9147200DBF7C0 /* AppDelegate.m */,
				F39B31961AB9147200DBF7C0 /* GameScene.h */,
				F39B31971AB9147200DBF7C0 /* GameScene.m */,
				F39B31991AB9147200DBF7C0 /* GameScene.sks */,
				F39B319B1AB9147200DBF7C0 /* GameViewController.h */,
				F39B319C1AB9147200DBF7C0 /* GameViewController.m */,
				F39B319E1AB9147200DBF7C0 /* Main.storyboard */,
				F39B31A11AB9147200DBF7C0 /* Images.xcassets */,
				F39B31A31AB9147200DBF7C0 /* LaunchScreen.xib */,
				F39B318F1AB9147200DBF7C0 /* Supporting Files */,
			);
			path = RabbitRun;
			sourceTree = "<group>";
		};
		F39B318F1AB9147200DBF7C0 /* Supporting Files */ = {
			isa = PBXGroup;
			children = (
				F39B31901AB9147200DBF7C0 /* Info.plist */,
				F39B31911AB9147200DBF7C0 /* main.m */,
			);
			name = "Supporting Files";
			sourceTree = "<group>";
		};
		F39B31AD1AB9147200DBF7C0 /* RabbitRunTests */ = {
			isa = PBXGroup;
			children = (
				F39B31B01AB9147200DBF7C0 /* RabbitRunTests.m */,
				F39B31AE1AB9147200DBF7C0 /* Supporting Files */,
			);
			path = RabbitRunTests;
			sourceTree = "<group>";
		};
		F39B31AE1AB9147200DBF7C0 /* Supporting Files */ = {
			isa = PBXGroup;
			children = (
				F39B31AF1AB9147200DBF7C0 /* Info.plist */,
			);
			name = "Supporting Files";
			sourceTree = "<group>";
		};
/* End PBXGroup section */

/* Begin PBXNativeTarget section */
		F39B318B1AB9147200DBF7C0 /* RabbitRun */ = {
			isa = PBXNativeTarget;
			buildConfigurationList = F39B31B41AB9147200DBF7C0 /* Build configuration list for PBXNativeTarget "RabbitRun" */;
			buildPhases = (
				F39B31881AB9147200DBF7C0 /* Sources */,
				F39B31891AB9147200DBF7C0 /* Frameworks */,
				F39B318A1AB9147200DBF7C0 /* Resources */,
			);
			buildRules = (
			);
			dependencies = (
			);
			name = RabbitRun;
			productName = RabbitRun;
			productReference = F39B318C1AB9147200DBF7C0 /* RabbitRun.app */;
			productType = "com.apple.product-type.application";
		};
		F39B31A91AB9147200DBF7C0 /* RabbitRunTests */ = {
			isa = PBXNativeTarget;
			buildConfigurationList = F39B31B71AB9147200DBF7C0 /* Build configuration list for PBXNativeTarget "RabbitRunTests" */;
			buildPhases = (
				F39B31A61AB9147200DBF7C0 /* Sources */,
				F39B31A71AB9147200DBF7C0 /* Frameworks */,
				F39B31A81AB9147200DBF7C0 /* Resources */,
			);
			buildRules = (
			);
			dependencies = (
				F39B31AC1AB9147200DBF7C0 /* PBXTargetDependency */,
			);
			name = RabbitRunTests;
			productName = RabbitRunTests;
			productReference = F39B31AA1AB9147200DBF7C0 /* RabbitRunTests.xctest */;
			productType = "com.apple.product-type.bundle.unit-test";
		};
/* End PBXNativeTarget section */

/* Begin PBXProject section */
		F39B31841AB9147100DBF7C0 /* Project object */ = {
			isa = PBXProject;
			attributes = {
				LastUpgradeCheck = 0620;
				ORGANIZATIONNAME = Dextrys;
				TargetAttributes = {
					F39B318B1AB9147200DBF7C0 = {
						CreatedOnToolsVersion = 6.2;
					};
					F39B31A91AB9147200DBF7C0 = {
						CreatedOnToolsVersion = 6.2;
						TestTargetID = F39B318B1AB9147200DBF7C0;
					};
				};
			};
			buildConfigurationList = F39B31871AB9147100DBF7C0 /* Build configuration list for PBXProject "RabbitRun" */;
			compatibilityVersion = "Xcode 3.2";
			developmentRegion = English;
			hasScannedForEncodings = 0;
			knownRegions = (
				en,
				Base,
			);
			mainGroup = F39B31831AB9147100DBF7C0;
			productRefGroup = F39B318D1AB9147200DBF7C0 /* Products */;
			projectDirPath = "";
			projectRoot = "";
			targets = (
				F39B318B1AB9147200DBF7C0 /* RabbitRun */,
				F39B31A91AB9147200DBF7C0 /* RabbitRunTests */,
			);
		};
/* End PBXProject section */

/* Begin PBXResourcesBuildPhase section */
		F39B318A1AB9147200DBF7C0 /* Resources */ = {
			isa = PBXResourcesBuildPhase;
			buildActionMask = 2147483647;
			files = (
				F39B31A51AB9147200DBF7C0 /* LaunchScreen.xib in Resources */,
				F39B31A21AB9147200DBF7C0 /* Images.xcassets in Resources */,
				F39B319A1AB9147200DBF7C0 /* GameScene.sks in Resources */,
				F39B31A01AB9147200DBF7C0 /* Main.storyboard in Resources */,
			);
			runOnlyForDeploymentPostprocessing = 0;
		};
		F39B31A81AB9147200DBF7C0 /* Resources */ = {
			isa = PBXResourcesBuildPhase;
			buildActionMask = 2147483647;
			files = (
			);
			runOnlyForDeploymentPostprocessing = 0;
		};
/* End PBXResourcesBuildPhase section */

/* Begin PBXSourcesBuildPhase section */
		F39B31881AB9147200DBF7C0 /* Sources */ = {
			isa = PBXSourcesBuildPhase;
			buildActionMask = 2147483647;
			files = (
				F39B319D1AB9147200DBF7C0 /* GameViewController.m in Sources */,
				F39B31951AB9147200DBF7C0 /* AppDelegate.m in Sources */,
				F39B31981AB9147200DBF7C0 /* GameScene.m in Sources */,
				F39B31921AB9147200DBF7C0 /* main.m in Sources */,
			);
			runOnlyForDeploymentPostprocessing = 0;
		};
		F39B31A61AB9147200DBF7C0 /* Sources */ = {
			isa = PBXSourcesBuildPhase;
			buildActionMask = 2147483647;
			files = (
				F39B31B11AB9147200DBF7C0 /* RabbitRunTests.m in Sources */,
			);
			runOnlyForDeploymentPostprocessing = 0;
		};
/* End PBXSourcesBuildPhase section */

/* Begin PBXTargetDependency section */
		F39B31AC1AB9147200DBF7C0 /* PBXTargetDependency */ = {
			isa = PBXTargetDependency;
			target = F39B318B1AB9147200DBF7C0 /* RabbitRun */;
			targetProxy = F39B31AB1AB9147200DBF7C0 /* PBXContainerItemProxy */;
		};
/* End PBXTargetDependency section */

/* Begin PBXVariantGroup section */
		F39B319E1AB9147200DBF7C0 /* Main.storyboard */ = {
			isa = PBXVariantGroup;
			children = (
				F39B319F1AB9147200DBF7C0 /* Base */,
			);
			name = Main.storyboard;
			sourceTree = "<group>";
		};
		F39B31A31AB9147200DBF7C0 /* LaunchScreen.xib */ = {
			isa = PBXVariantGroup;
			children = (
				F39B31A41AB9147200DBF7C0 /* Base */,
			);
			name = LaunchScreen.xib;
			sourceTree = "<group>";
		};
/* End PBXVariantGroup section */

/* Begin XCBuildConfiguration section */
		F39B31B21AB9147200DBF7C0 /* Debug */ = {
			isa = XCBuildConfiguration;
			buildSettings = {
				ALWAYS_SEARCH_USER_PATHS = NO;
				CLANG_CXX_LANGUAGE_STANDARD = "gnu++0x";
				CLANG_CXX_LIBRARY = "libc++";
				CLANG_ENABLE_MODULES = YES;
				CLANG_ENABLE_OBJC_ARC = YES;
				CLANG_WARN_BOOL_CONVERSION = YES;
				CLANG_WARN_CONSTANT_CONVERSION = YES;
				CLANG_WARN_DIRECT_OBJC_ISA_USAGE = YES_ERROR;
				CLANG_WARN_EMPTY_BODY = YES;
				CLANG_WARN_ENUM_CONVERSION = YES;
				CLANG_WARN_INT_CONVERSION = YES;
				CLANG_WARN_OBJC_ROOT_CLASS = YES_ERROR;
				CLANG_WARN_UNREACHABLE_CODE = YES;
				CLANG_WARN__DUPLICATE_METHOD_MATCH = YES;
				"CODE_SIGN_IDENTITY[sdk=iphoneos*]" = "iPhone Developer";
				COPY_PHASE_STRIP = NO;
				ENABLE_STRICT_OBJC_MSGSEND = YES;
				GCC_C_LANGUAGE_STANDARD = gnu99;
				GCC_DYNAMIC_NO_PIC = NO;
				GCC_OPTIMIZATION_LEVEL = 0;
				GCC_PREPROCESSOR_DEFINITIONS = (
					"DEBUG=1",
					"$(inherited)",
				);
				GCC_SYMBOLS_PRIVATE_EXTERN = NO;
				GCC_WARN_64_TO_32_BIT_CONVERSION = YES;
				GCC_WARN_ABOUT_RETURN_TYPE = YES_ERROR;
				GCC_WARN_UNDECLARED_SELECTOR = YES;
				GCC_WARN_UNINITIALIZED_AUTOS = YES_AGGRESSIVE;
				GCC_WARN_UNUSED_FUNCTION = YES;
				GCC_WARN_UNUSED_VARIABLE = YES;
				IPHONEOS_DEPLOYMENT_TARGET = 8.2;
				MTL_ENABLE_DEBUG_INFO = YES;
				ONLY_ACTIVE_ARCH = YES;
				SDKROOT = iphoneos;
			};
			name = Debug;
		};
		F39B31B31AB9147200DBF7C0 /* Release */ = {
			isa = XCBuildConfiguration;
			buildSettings = {
				ALWAYS_SEARCH_USER_PATHS = NO;
				CLANG_CXX_LANGUAGE_STANDARD = "gnu++0x";
				CLANG_CXX_LIBRARY = "libc++";
				CLANG_ENABLE_MODULES = YES;
				CLANG_ENABLE_OBJC_ARC = YES;
				CLANG_WARN_BOOL_CONVERSION = YES;
				CLANG_WARN_CONSTANT_CONVERSION = YES;
				CLANG_WARN_DIRECT_OBJC_ISA_USAGE = YES_ERROR;
				CLANG_WARN_EMPTY_BODY = YES;
				CLANG_WARN_ENUM_CONVERSION = YES;
				CLANG_WARN_INT_CONVERSION = YES;
				CLANG_WARN_OBJC_ROOT_CLASS = YES_ERROR;
				CLANG_WARN_UNREACHABLE_CODE = YES;
				CLANG_WARN__DUPLICATE_METHOD_MATCH = YES;
				"CODE_SIGN_IDENTITY[sdk=iphoneos*]" = "iPhone Developer";
				COPY_PHASE_STRIP = NO;
				ENABLE_NS_ASSERTIONS = NO;
				ENABLE_STRICT_OBJC_MSGSEND = YES;
				GCC_C_LANGUAGE_STANDARD = gnu99;
				GCC_WARN_64_TO_32_BIT_CONVERSION = YES;
				GCC_WARN_ABOUT_RETURN_TYPE = YES_ERROR;
				GCC_WARN_UNDECLARED_SELECTOR = YES;
				GCC_WARN_UNINITIALIZED_AUTOS = YES_AGGRESSIVE;
				GCC_WARN_UNUSED_FUNCTION = YES;
				GCC_WARN_UNUSED_VARIABLE = YES;
				IPHONEOS_DEPLOYMENT_TARGET = 8.2;
				MTL_ENABLE_DEBUG_INFO = NO;
				SDKROOT = iphoneos;
				VALIDATE_PRODUCT = YES;
			};
			name = Release;
		};
		F39B31B51AB9147200DBF7C0 /* Debug */ = {
			isa = XCBuildConfiguration;
			buildSettings = {
				ASSETCATALOG_COMPILER_APPICON_NAME = AppIcon;
				INFOPLIST_FILE = RabbitRun/Info.plist;
				LD_RUNPATH_SEARCH_PATHS = "$(inherited) @executable_path/Frameworks";
				PRODUCT_NAME = "$(TARGET_NAME)";
			};
			name = Debug;
		};
		F39B31B61AB9147200DBF7C0 /* Release */ = {
			isa = XCBuildConfiguration;
			buildSettings = {
				ASSETCATALOG_COMPILER_APPICON_NAME = AppIcon;
				INFOPLIST_FILE = RabbitRun/Info.plist;
				LD_RUNPATH_SEARCH_PATHS = "$(inherited) @executable_path/Frameworks";
				PRODUCT_NAME = "$(TARGET_NAME)";
			};
			name = Release;
		};
		F39B31B81AB9147200DBF7C0 /* Debug */ = {
			isa = XCBuildConfiguration;
			buildSettings = {
				BUNDLE_LOADER = "$(TEST_HOST)";
				FRAMEWORK_SEARCH_PATHS = (
					"$(SDKROOT)/Developer/Library/Frameworks",
					"$(inherited)",
				);
				GCC_PREPROCESSOR_DEFINITIONS = (
					"DEBUG=1",
					"$(inherited)",
				);
				INFOPLIST_FILE = RabbitRunTests/Info.plist;
				LD_RUNPATH_SEARCH_PATHS = "$(inherited) @executable_path/Frameworks @loader_path/Frameworks";
				PRODUCT_NAME = "$(TARGET_NAME)";
				TEST_HOST = "$(BUILT_PRODUCTS_DIR)/RabbitRun.app/RabbitRun";
			};
			name = Debug;
		};
		F39B31B91AB9147200DBF7C0 /* Release */ = {
			isa = XCBuildConfiguration;
			buildSettings = {
				BUNDLE_LOADER = "$(TEST_HOST)";
				FRAMEWORK_SEARCH_PATHS = (
					"$(SDKROOT)/Developer/Library/Frameworks",
					"$(inherited)",
				);
				INFOPLIST_FILE = RabbitRunTests/Info.plist;
				LD_RUNPATH_SEARCH_PATHS = "$(inherited) @executable_path/Frameworks @loader_path/Frameworks";
				PRODUCT_NAME = "$(TARGET_NAME)";
				TEST_HOST = "$(BUILT_PRODUCTS_DIR)/RabbitRun.app/RabbitRun";
			};
			name = Release;
		};
/* End XCBuildConfiguration section */

/* Begin XCConfigurationList section */
		F39B31871AB9147100DBF7C0 /* Build configuration list for PBXProject "RabbitRun" */ = {
			isa = XCConfigurationList;
			buildConfigurations = (
				F39B31B21AB9147200DBF7C0 /* Debug */,
				F39B31B31AB9147200DBF7C0 /* Release */,
			);
			defaultConfigurationIsVisible = 0;
			defaultConfigurationName = Release;
		};
		F39B31B41AB9147200DBF7C0 /* Build configuration list for PBXNativeTarget "RabbitRun" */ = {
			isa = XCConfigurationList;
			buildConfigurations = (
				F39B31B51AB9147200DBF7C0 /* Debug */,
				F39B31B61AB9147200DBF7C0 /* Release */,
			);
			defaultConfigurationIsVisible = 0;
		};
		F39B31B71AB9147200DBF7C0 /* Build configuration list for PBXNativeTarget "RabbitRunTests" */ = {
			isa = XCConfigurationList;
			buildConfigurations = (
				F39B31B81AB9147200DBF7C0 /* Debug */,
				F39B31B91AB9147200DBF7C0 /* Release */,
			);
			defaultConfigurationIsVisible = 0;
		};
/* End XCConfigurationList section */
	};
	rootObject = F39B31841AB9147100DBF7C0 /* Project object */;
}
